
Microsoft Visual Studio Solution File, Format Version 12.00
# Visual Studio Version 17
VisualStudioVersion = 17.6.33712.159
MinimumVisualStudioVersion = 10.0.40219.1
Project("{8BC9CEB8-8B4A-11D0-8D11-00A0C91BC942}") = "Practice2b", "Practice2b.vcxproj", "{88FA52A3-A23A-4F2F-8CC3-96814F66BE8D}"
EndProject
Project("{8BC9CEB8-8B4A-11D0-8D11-00A0C91BC942}") = "Practice3a", "..\Practice3a\Practice3a.vcxproj", "{908BE731-4DB6-4C17-AF50-0F808819FAFE}"
EndProject
Global
	GlobalSection(SolutionConfigurationPlatforms) = preSolution
		Debug|x64 = Debug|x64
		Debug|x86 = Debug|x86
		Release|x64 = Release|x64
		Release|x86 = Release|x86
	EndGlobalSection
	GlobalSection(ProjectConfigurationPlatforms) = postSolution
		{88FA52A3-A23A-4F2F-8CC3-96814F66BE8D}.Debug|x64.ActiveCfg = Debug|x64
		{88FA52A3-A23A-4F2F-8CC3-96814F66BE8D}.Debug|x64.Build.0 = Debug|x64
		{88FA52A3-A23A-4F2F-8CC3-96814F66BE8D}.Debug|x86.ActiveCfg = Debug|Win32
		{88FA52A3-A23A-4F2F-8CC3-96814F66BE8D}.Debug|x86.Build.0 = Debug|Win32
		{88FA52A3-A23A-4F2F-8CC3-96814F66BE8D}.Release|x64.ActiveCfg = Release|x64
		{88FA52A3-A23A-4F2F-8CC3-96814F66BE8D}.Release|x64.Build.0 = Release|x64
		{88FA52A3-A23A-4F2F-8CC3-96814F66BE8D}.Release|x86.ActiveCfg = Release|Win32
		{88FA52A3-A23A-4F2F-8CC3-96814F66BE8D}.Release|x86.Build.0 = Release|Win32
		{908BE731-4DB6-4C17-AF50-0F808819FAFE}.Debug|x64.ActiveCfg = Debug|x64
		{908BE731-4DB6-4C17-AF50-0F808819FAFE}.Debug|x64.Build.0 = Debug|x64
		{908BE731-4DB6-4C17-AF50-0F808819FAFE}.Debug|x86.ActiveCfg = Debug|Win32
		{908BE731-4DB6-4C17-AF50-0F808819FAFE}.Debug|x86.Build.0 = Debug|Win32
		{908BE731-4DB6-4C17-AF50-0F808819FAFE}.Release|x64.ActiveCfg = Release|x64
		{908BE731-4DB6-4C17-AF50-0F808819FAFE}.Release|x64.Build.0 = Release|x64
		{908BE731-4DB6-4C17-AF50-0F808819FAFE}.Release|x86.ActiveCfg = Release|Win32
		{908BE731-4DB6-4C17-AF50-0F808819FAFE}.Release|x86.Build.0 = Release|Win32
	EndGlobalSection
	GlobalSection(SolutionProperties) = preSolution
		HideSolutionNode = FALSE
	EndGlobalSection
	GlobalSection(ExtensibilityGlobals) = postSolution
		SolutionGuid = {56746401-5DAF-4002-96B9-E09597F9E711}
	EndGlobalSection
EndGlobal
